PODS:
  - Alamofire (4.5.0)
  - AlamofireImage (3.2.0):
    - Alamofire (~> 4.1)
  - AlamofireNetworkActivityIndicator (2.2.0):
    - Alamofire (~> 4.5)
  - SwiftyJSON (2.3.2)

DEPENDENCIES:
  - Alamofire (from `https://github.com/Alamofire/Alamofire.git`)
  - AlamofireImage (from `https://github.com/Alamofire/AlamofireImage.git`)
  - AlamofireNetworkActivityIndicator (from `https://github.com/Alamofire/AlamofireNetworkActivityIndicator.git`)
  - SwiftyJSON (from `https://github.com/IBM-Swift/SwiftyJSON.git`)

EXTERNAL SOURCES:
  Alamofire:
    :git: https://github.com/Alamofire/Alamofire.git
  AlamofireImage:
    :git: https://github.com/Alamofire/AlamofireImage.git
  AlamofireNetworkActivityIndicator:
    :git: https://github.com/Alamofire/AlamofireNetworkActivityIndicator.git
  SwiftyJSON:
    :git: https://github.com/IBM-Swift/SwiftyJSON.git

CHECKOUT OPTIONS:
  Alamofire:
    :commit: 9234355894206a43c2d3b1b0e4feb7be4385f5dd
    :git: https://github.com/Alamofire/Alamofire.git
  AlamofireImage:
    :commit: de5944b41d7c94fe6830b8113d33f51db2ae0737
    :git: https://github.com/Alamofire/AlamofireImage.git
  AlamofireNetworkActivityIndicator:
    :commit: da5fe47a66e05e9c3b18e2e2997b6edd60aa0c53
    :git: https://github.com/Alamofire/AlamofireNetworkActivityIndicator.git
  SwiftyJSON:
    :commit: 4c57d4680e2b3d7be0e7c36737f99b6b36f09aac
    :git: https://github.com/IBM-Swift/SwiftyJSON.git

SPEC CHECKSUMS:
  Alamofire: 2983f0804e7566e66b937f5e7ef4aeba7b910426
  AlamofireImage: 0ff319da83d6abb78a661d7296e742e7f65e15f5
  AlamofireNetworkActivityIndicator: 1b37f625e82da75465fc624bf26cf37cabd99a42
  SwiftyJSON: 04ccea08915aa0109039157c7974cf0298da292a

PODFILE CHECKSUM: 23c83a3327c4cbffffb3288a1c4959fcfb9e7571

COCOAPODS: 1.2.1
